// !$*UTF8*$!
{
	archiveVersion = 1;
	classes = {
	};
	objectVersion = 46;
	objects = {

/* Begin PBXBuildFile section */
		0713C0251B2931AA0081B830 /* libStockfishInterfaceLibrary.a in Frameworks */ = {isa = PBXBuildFile; fileRef = 0713C0191B2931AA0081B830 /* libStockfishInterfaceLibrary.a */; };
		0713C06A1B2933B70081B830 /* aptrie.cpp in Sources */ = {isa = PBXBuildFile; fileRef = 0713C0341B2933B70081B830 /* aptrie.cpp */; };
		0713C06B1B2933B70081B830 /* benchmark.cpp in Sources */ = {isa = PBXBuildFile; fileRef = 0713C0371B2933B70081B830 /* benchmark.cpp */; };
		0713C06C1B2933B70081B830 /* bitbase.cpp in Sources */ = {isa = PBXBuildFile; fileRef = 0713C0381B2933B70081B830 /* bitbase.cpp */; };
		0713C06D1B2933B70081B830 /* bitboard.cpp in Sources */ = {isa = PBXBuildFile; fileRef = 0713C0391B2933B70081B830 /* bitboard.cpp */; };
		0713C06E1B2933B70081B830 /* endgame.cpp in Sources */ = {isa = PBXBuildFile; fileRef = 0713C03C1B2933B70081B830 /* endgame.cpp */; };
		0713C06F1B2933B70081B830 /* evaluate.cpp in Sources */ = {isa = PBXBuildFile; fileRef = 0713C03E1B2933B70081B830 /* evaluate.cpp */; };
		0713C0701B2933B70081B830 /* main.cpp in Sources */ = {isa = PBXBuildFile; fileRef = 0713C0401B2933B70081B830 /* main.cpp */; };
		0713C0711B2933B70081B830 /* Makefile in Sources */ = {isa = PBXBuildFile; fileRef = 0713C0411B2933B70081B830 /* Makefile */; };
		0713C0721B2933B70081B830 /* material.cpp in Sources */ = {isa = PBXBuildFile; fileRef = 0713C0421B2933B70081B830 /* material.cpp */; };
		0713C0731B2933B70081B830 /* misc.cpp in Sources */ = {isa = PBXBuildFile; fileRef = 0713C0441B2933B70081B830 /* misc.cpp */; };
		0713C0741B2933B70081B830 /* movegen.cpp in Sources */ = {isa = PBXBuildFile; fileRef = 0713C0461B2933B70081B830 /* movegen.cpp */; };
		0713C0751B2933B70081B830 /* movepick.cpp in Sources */ = {isa = PBXBuildFile; fileRef = 0713C0481B2933B70081B830 /* movepick.cpp */; };
		0713C0761B2933B70081B830 /* pawns.cpp in Sources */ = {isa = PBXBuildFile; fileRef = 0713C04A1B2933B70081B830 /* pawns.cpp */; };
		0713C0771B2933B70081B830 /* position.cpp in Sources */ = {isa = PBXBuildFile; fileRef = 0713C04D1B2933B70081B830 /* position.cpp */; };
		0713C0781B2933B70081B830 /* search.cpp in Sources */ = {isa = PBXBuildFile; fileRef = 0713C0501B2933B70081B830 /* search.cpp */; };
		0713C0791B2933B70081B830 /* tbcore.cpp in Sources */ = {isa = PBXBuildFile; fileRef = 0713C0531B2933B70081B830 /* tbcore.cpp */; };
		0713C07A1B2933B70081B830 /* tbprobe.cpp in Sources */ = {isa = PBXBuildFile; fileRef = 0713C0551B2933B70081B830 /* tbprobe.cpp */; };
		0713C07B1B2933B70081B830 /* thread.cpp in Sources */ = {isa = PBXBuildFile; fileRef = 0713C0571B2933B70081B830 /* thread.cpp */; };
		0713C07C1B2933B70081B830 /* timeman.cpp in Sources */ = {isa = PBXBuildFile; fileRef = 0713C0591B2933B70081B830 /* timeman.cpp */; };
		0713C07D1B2933B70081B830 /* tt.cpp in Sources */ = {isa = PBXBuildFile; fileRef = 0713C05B1B2933B70081B830 /* tt.cpp */; };
		0713C07E1B2933B70081B830 /* uci.cpp in Sources */ = {isa = PBXBuildFile; fileRef = 0713C05E1B2933B70081B830 /* uci.cpp */; };
		0713C07F1B2933B70081B830 /* ucioption.cpp in Sources */ = {isa = PBXBuildFile; fileRef = 0713C0601B2933B70081B830 /* ucioption.cpp */; };
		0713C0801B2933B70081B830 /* stockfishanalysisinfo.cpp in Sources */ = {isa = PBXBuildFile; fileRef = 0713C0611B2933B70081B830 /* stockfishanalysisinfo.cpp */; };
		0713C0811B2933B70081B830 /* stockfishenginetoguistream.cpp in Sources */ = {isa = PBXBuildFile; fileRef = 0713C0641B2933B70081B830 /* stockfishenginetoguistream.cpp */; };
		0713C0821B2933B70081B830 /* stockfishguitoenginestream.cpp in Sources */ = {isa = PBXBuildFile; fileRef = 0713C0661B2933B70081B830 /* stockfishguitoenginestream.cpp */; };
		0713C0831B2933B70081B830 /* stockfishremote.cpp in Sources */ = {isa = PBXBuildFile; fileRef = 0713C0681B2933B70081B830 /* stockfishremote.cpp */; };
/* End PBXBuildFile section */

/* Begin PBXContainerItemProxy section */
		0713C0261B2931AA0081B830 /* PBXContainerItemProxy */ = {
			isa = PBXContainerItemProxy;
			containerPortal = 0713C0111B2931AA0081B830 /* Project object */;
			proxyType = 1;
			remoteGlobalIDString = 0713C0181B2931AA0081B830;
			remoteInfo = StockfishInterfaceLibrary;
		};
/* End PBXContainerItemProxy section */

/* Begin PBXCopyFilesBuildPhase section */
		0713C0171B2931AA0081B830 /* CopyFiles */ = {
			isa = PBXCopyFilesBuildPhase;
			buildActionMask = 2147483647;
			dstPath = "include/$(PRODUCT_NAME)";
			dstSubfolderSpec = 16;
			files = (
			);
			runOnlyForDeploymentPostprocessing = 0;
		};
/* End PBXCopyFilesBuildPhase section */

/* Begin PBXFileReference section */
		0713C0191B2931AA0081B830 /* libStockfishInterfaceLibrary.a */ = {isa = PBXFileReference; explicitFileType = archive.ar; includeInIndex = 0; path = libStockfishInterfaceLibrary.a; sourceTree = BUILT_PRODUCTS_DIR; };
		0713C0241B2931AA0081B830 /* StockfishInterfaceLibraryTests.xctest */ = {isa = PBXFileReference; explicitFileType = wrapper.cfbundle; includeInIndex = 0; path = StockfishInterfaceLibraryTests.xctest; sourceTree = BUILT_PRODUCTS_DIR; };
		0713C02A1B2931AA0081B830 /* Info.plist */ = {isa = PBXFileReference; lastKnownFileType = text.plist.xml; path = Info.plist; sourceTree = "<group>"; };
		0713C0341B2933B70081B830 /* aptrie.cpp */ = {isa = PBXFileReference; explicitFileType = sourcecode.cpp.objcpp; fileEncoding = 4; path = aptrie.cpp; sourceTree = "<group>"; };
		0713C0351B2933B70081B830 /* aptrie.h */ = {isa = PBXFileReference; fileEncoding = 4; lastKnownFileType = sourcecode.c.h; path = aptrie.h; sourceTree = "<group>"; };
		0713C0371B2933B70081B830 /* benchmark.cpp */ = {isa = PBXFileReference; explicitFileType = sourcecode.cpp.objcpp; fileEncoding = 4; path = benchmark.cpp; sourceTree = "<group>"; };
		0713C0381B2933B70081B830 /* bitbase.cpp */ = {isa = PBXFileReference; explicitFileType = sourcecode.cpp.objcpp; fileEncoding = 4; path = bitbase.cpp; sourceTree = "<group>"; };
		0713C0391B2933B70081B830 /* bitboard.cpp */ = {isa = PBXFileReference; explicitFileType = sourcecode.cpp.objcpp; fileEncoding = 4; path = bitboard.cpp; sourceTree = "<group>"; };
		0713C03A1B2933B70081B830 /* bitboard.h */ = {isa = PBXFileReference; fileEncoding = 4; lastKnownFileType = sourcecode.c.h; path = bitboard.h; sourceTree = "<group>"; };
		0713C03B1B2933B70081B830 /* bitcount.h */ = {isa = PBXFileReference; fileEncoding = 4; lastKnownFileType = sourcecode.c.h; path = bitcount.h; sourceTree = "<group>"; };
		0713C03C1B2933B70081B830 /* endgame.cpp */ = {isa = PBXFileReference; explicitFileType = sourcecode.cpp.objcpp; fileEncoding = 4; path = endgame.cpp; sourceTree = "<group>"; };
		0713C03D1B2933B70081B830 /* endgame.h */ = {isa = PBXFileReference; fileEncoding = 4; lastKnownFileType = sourcecode.c.h; path = endgame.h; sourceTree = "<group>"; };
		0713C03E1B2933B70081B830 /* evaluate.cpp */ = {isa = PBXFileReference; explicitFileType = sourcecode.cpp.objcpp; fileEncoding = 4; path = evaluate.cpp; sourceTree = "<group>"; };
		0713C03F1B2933B70081B830 /* evaluate.h */ = {isa = PBXFileReference; fileEncoding = 4; lastKnownFileType = sourcecode.c.h; path = evaluate.h; sourceTree = "<group>"; };
		0713C0401B2933B70081B830 /* main.cpp */ = {isa = PBXFileReference; explicitFileType = sourcecode.cpp.objcpp; fileEncoding = 4; path = main.cpp; sourceTree = "<group>"; };
		0713C0411B2933B70081B830 /* Makefile */ = {isa = PBXFileReference; fileEncoding = 4; lastKnownFileType = sourcecode.make; path = Makefile; sourceTree = "<group>"; };
		0713C0421B2933B70081B830 /* material.cpp */ = {isa = PBXFileReference; explicitFileType = sourcecode.cpp.objcpp; fileEncoding = 4; path = material.cpp; sourceTree = "<group>"; };
		0713C0431B2933B70081B830 /* material.h */ = {isa = PBXFileReference; fileEncoding = 4; lastKnownFileType = sourcecode.c.h; path = material.h; sourceTree = "<group>"; };
		0713C0441B2933B70081B830 /* misc.cpp */ = {isa = PBXFileReference; explicitFileType = sourcecode.cpp.objcpp; fileEncoding = 4; path = misc.cpp; sourceTree = "<group>"; };
		0713C0451B2933B70081B830 /* misc.h */ = {isa = PBXFileReference; fileEncoding = 4; lastKnownFileType = sourcecode.c.h; path = misc.h; sourceTree = "<group>"; };
		0713C0461B2933B70081B830 /* movegen.cpp */ = {isa = PBXFileReference; explicitFileType = sourcecode.cpp.objcpp; fileEncoding = 4; path = movegen.cpp; sourceTree = "<group>"; };
		0713C0471B2933B70081B830 /* movegen.h */ = {isa = PBXFileReference; fileEncoding = 4; lastKnownFileType = sourcecode.c.h; path = movegen.h; sourceTree = "<group>"; };
		0713C0481B2933B70081B830 /* movepick.cpp */ = {isa = PBXFileReference; explicitFileType = sourcecode.cpp.objcpp; fileEncoding = 4; path = movepick.cpp; sourceTree = "<group>"; };
		0713C0491B2933B70081B830 /* movepick.h */ = {isa = PBXFileReference; fileEncoding = 4; lastKnownFileType = sourcecode.c.h; path = movepick.h; sourceTree = "<group>"; };
		0713C04A1B2933B70081B830 /* pawns.cpp */ = {isa = PBXFileReference; explicitFileType = sourcecode.cpp.objcpp; fileEncoding = 4; path = pawns.cpp; sourceTree = "<group>"; };
		0713C04B1B2933B70081B830 /* pawns.h */ = {isa = PBXFileReference; fileEncoding = 4; lastKnownFileType = sourcecode.c.h; path = pawns.h; sourceTree = "<group>"; };
		0713C04C1B2933B70081B830 /* platform.h */ = {isa = PBXFileReference; fileEncoding = 4; lastKnownFileType = sourcecode.c.h; path = platform.h; sourceTree = "<group>"; };
		0713C04D1B2933B70081B830 /* position.cpp */ = {isa = PBXFileReference; explicitFileType = sourcecode.cpp.objcpp; fileEncoding = 4; path = position.cpp; sourceTree = "<group>"; };
		0713C04E1B2933B70081B830 /* position.h */ = {isa = PBXFileReference; fileEncoding = 4; lastKnownFileType = sourcecode.c.h; path = position.h; sourceTree = "<group>"; };
		0713C04F1B2933B70081B830 /* psqtab.h */ = {isa = PBXFileReference; fileEncoding = 4; lastKnownFileType = sourcecode.c.h; path = psqtab.h; sourceTree = "<group>"; };
		0713C0501B2933B70081B830 /* search.cpp */ = {isa = PBXFileReference; explicitFileType = sourcecode.cpp.objcpp; fileEncoding = 4; path = search.cpp; sourceTree = "<group>"; };
		0713C0511B2933B70081B830 /* search.h */ = {isa = PBXFileReference; fileEncoding = 4; lastKnownFileType = sourcecode.c.h; path = search.h; sourceTree = "<group>"; };
		0713C0531B2933B70081B830 /* tbcore.cpp */ = {isa = PBXFileReference; explicitFileType = sourcecode.cpp.objcpp; fileEncoding = 4; path = tbcore.cpp; sourceTree = "<group>"; };
		0713C0541B2933B70081B830 /* tbcore.h */ = {isa = PBXFileReference; fileEncoding = 4; lastKnownFileType = sourcecode.c.h; path = tbcore.h; sourceTree = "<group>"; };
		0713C0551B2933B70081B830 /* tbprobe.cpp */ = {isa = PBXFileReference; explicitFileType = sourcecode.cpp.objcpp; fileEncoding = 4; path = tbprobe.cpp; sourceTree = "<group>"; };
		0713C0561B2933B70081B830 /* tbprobe.h */ = {isa = PBXFileReference; fileEncoding = 4; lastKnownFileType = sourcecode.c.h; path = tbprobe.h; sourceTree = "<group>"; };
		0713C0571B2933B70081B830 /* thread.cpp */ = {isa = PBXFileReference; explicitFileType = sourcecode.cpp.objcpp; fileEncoding = 4; path = thread.cpp; sourceTree = "<group>"; };
		0713C0581B2933B70081B830 /* thread.h */ = {isa = PBXFileReference; fileEncoding = 4; lastKnownFileType = sourcecode.c.h; path = thread.h; sourceTree = "<group>"; };
		0713C0591B2933B70081B830 /* timeman.cpp */ = {isa = PBXFileReference; explicitFileType = sourcecode.cpp.objcpp; fileEncoding = 4; path = timeman.cpp; sourceTree = "<group>"; };
		0713C05A1B2933B70081B830 /* timeman.h */ = {isa = PBXFileReference; fileEncoding = 4; lastKnownFileType = sourcecode.c.h; path = timeman.h; sourceTree = "<group>"; };
		0713C05B1B2933B70081B830 /* tt.cpp */ = {isa = PBXFileReference; explicitFileType = sourcecode.cpp.objcpp; fileEncoding = 4; path = tt.cpp; sourceTree = "<group>"; };
		0713C05C1B2933B70081B830 /* tt.h */ = {isa = PBXFileReference; fileEncoding = 4; lastKnownFileType = sourcecode.c.h; path = tt.h; sourceTree = "<group>"; };
		0713C05D1B2933B70081B830 /* types.h */ = {isa = PBXFileReference; fileEncoding = 4; lastKnownFileType = sourcecode.c.h; path = types.h; sourceTree = "<group>"; };
		0713C05E1B2933B70081B830 /* uci.cpp */ = {isa = PBXFileReference; explicitFileType = sourcecode.cpp.objcpp; fileEncoding = 4; path = uci.cpp; sourceTree = "<group>"; };
		0713C05F1B2933B70081B830 /* uci.h */ = {isa = PBXFileReference; fileEncoding = 4; lastKnownFileType = sourcecode.c.h; path = uci.h; sourceTree = "<group>"; };
		0713C0601B2933B70081B830 /* ucioption.cpp */ = {isa = PBXFileReference; explicitFileType = sourcecode.cpp.objcpp; fileEncoding = 4; path = ucioption.cpp; sourceTree = "<group>"; };
		0713C0611B2933B70081B830 /* stockfishanalysisinfo.cpp */ = {isa = PBXFileReference; explicitFileType = sourcecode.cpp.objcpp; fileEncoding = 4; path = stockfishanalysisinfo.cpp; sourceTree = "<group>"; };
		0713C0621B2933B70081B830 /* stockfishanalysisinfo.h */ = {isa = PBXFileReference; fileEncoding = 4; lastKnownFileType = sourcecode.c.h; path = stockfishanalysisinfo.h; sourceTree = "<group>"; };
		0713C0631B2933B70081B830 /* stockfishenginetoguiinterface.h */ = {isa = PBXFileReference; fileEncoding = 4; lastKnownFileType = sourcecode.c.h; path = stockfishenginetoguiinterface.h; sourceTree = "<group>"; };
		0713C0641B2933B70081B830 /* stockfishenginetoguistream.cpp */ = {isa = PBXFileReference; explicitFileType = sourcecode.cpp.objcpp; fileEncoding = 4; path = stockfishenginetoguistream.cpp; sourceTree = "<group>"; };
		0713C0651B2933B70081B830 /* stockfishenginetoguistream.h */ = {isa = PBXFileReference; fileEncoding = 4; lastKnownFileType = sourcecode.c.h; path = stockfishenginetoguistream.h; sourceTree = "<group>"; };
		0713C0661B2933B70081B830 /* stockfishguitoenginestream.cpp */ = {isa = PBXFileReference; explicitFileType = sourcecode.cpp.objcpp; fileEncoding = 4; path = stockfishguitoenginestream.cpp; sourceTree = "<group>"; };
		0713C0671B2933B70081B830 /* stockfishguitoenginestream.h */ = {isa = PBXFileReference; fileEncoding = 4; lastKnownFileType = sourcecode.c.h; path = stockfishguitoenginestream.h; sourceTree = "<group>"; };
		0713C0681B2933B70081B830 /* stockfishremote.cpp */ = {isa = PBXFileReference; explicitFileType = sourcecode.cpp.objcpp; fileEncoding = 4; path = stockfishremote.cpp; sourceTree = "<group>"; };
		0713C0691B2933B70081B830 /* stockfishremote.h */ = {isa = PBXFileReference; fileEncoding = 4; lastKnownFileType = sourcecode.c.h; path = stockfishremote.h; sourceTree = "<group>"; };
/* End PBXFileReference section */

/* Begin PBXFrameworksBuildPhase section */
		0713C0161B2931AA0081B830 /* Frameworks */ = {
			isa = PBXFrameworksBuildPhase;
			buildActionMask = 2147483647;
			files = (
			);
			runOnlyForDeploymentPostprocessing = 0;
		};
		0713C0211B2931AA0081B830 /* Frameworks */ = {
			isa = PBXFrameworksBuildPhase;
			buildActionMask = 2147483647;
			files = (
				0713C0251B2931AA0081B830 /* libStockfishInterfaceLibrary.a in Frameworks */,
			);
			runOnlyForDeploymentPostprocessing = 0;
		};
/* End PBXFrameworksBuildPhase section */

/* Begin PBXGroup section */
		0713C0101B2931AA0081B830 = {
			isa = PBXGroup;
			children = (
				0713C01B1B2931AA0081B830 /* StockfishInterfaceLibrary */,
				0713C0281B2931AA0081B830 /* StockfishInterfaceLibraryTests */,
				0713C01A1B2931AA0081B830 /* Products */,
			);
			sourceTree = "<group>";
		};
		0713C01A1B2931AA0081B830 /* Products */ = {
			isa = PBXGroup;
			children = (
				0713C0191B2931AA0081B830 /* libStockfishInterfaceLibrary.a */,
				0713C0241B2931AA0081B830 /* StockfishInterfaceLibraryTests.xctest */,
			);
			name = Products;
			sourceTree = "<group>";
		};
		0713C01B1B2931AA0081B830 /* StockfishInterfaceLibrary */ = {
			isa = PBXGroup;
			children = (
				0713C0331B2933B70081B830 /* src */,
			);
			path = StockfishInterfaceLibrary;
			sourceTree = "<group>";
		};
		0713C0281B2931AA0081B830 /* StockfishInterfaceLibraryTests */ = {
			isa = PBXGroup;
			children = (
				0713C0291B2931AA0081B830 /* Supporting Files */,
			);
			path = StockfishInterfaceLibraryTests;
			sourceTree = "<group>";
		};
		0713C0291B2931AA0081B830 /* Supporting Files */ = {
			isa = PBXGroup;
			children = (
				0713C02A1B2931AA0081B830 /* Info.plist */,
			);
			name = "Supporting Files";
			sourceTree = "<group>";
		};
		0713C0331B2933B70081B830 /* src */ = {
			isa = PBXGroup;
			children = (
				0713C0341B2933B70081B830 /* aptrie.cpp */,
				0713C0351B2933B70081B830 /* aptrie.h */,
				0713C0361B2933B70081B830 /* stockfish */,
				0713C0611B2933B70081B830 /* stockfishanalysisinfo.cpp */,
				0713C0621B2933B70081B830 /* stockfishanalysisinfo.h */,
				0713C0631B2933B70081B830 /* stockfishenginetoguiinterface.h */,
				0713C0641B2933B70081B830 /* stockfishenginetoguistream.cpp */,
				0713C0651B2933B70081B830 /* stockfishenginetoguistream.h */,
				0713C0661B2933B70081B830 /* stockfishguitoenginestream.cpp */,
				0713C0671B2933B70081B830 /* stockfishguitoenginestream.h */,
				0713C0681B2933B70081B830 /* stockfishremote.cpp */,
				0713C0691B2933B70081B830 /* stockfishremote.h */,
			);
			path = src;
			sourceTree = "<group>";
		};
		0713C0361B2933B70081B830 /* stockfish */ = {
			isa = PBXGroup;
			children = (
				0713C0371B2933B70081B830 /* benchmark.cpp */,
				0713C0381B2933B70081B830 /* bitbase.cpp */,
				0713C0391B2933B70081B830 /* bitboard.cpp */,
				0713C03A1B2933B70081B830 /* bitboard.h */,
				0713C03B1B2933B70081B830 /* bitcount.h */,
				0713C03C1B2933B70081B830 /* endgame.cpp */,
				0713C03D1B2933B70081B830 /* endgame.h */,
				0713C03E1B2933B70081B830 /* evaluate.cpp */,
				0713C03F1B2933B70081B830 /* evaluate.h */,
				0713C0401B2933B70081B830 /* main.cpp */,
				0713C0411B2933B70081B830 /* Makefile */,
				0713C0421B2933B70081B830 /* material.cpp */,
				0713C0431B2933B70081B830 /* material.h */,
				0713C0441B2933B70081B830 /* misc.cpp */,
				0713C0451B2933B70081B830 /* misc.h */,
				0713C0461B2933B70081B830 /* movegen.cpp */,
				0713C0471B2933B70081B830 /* movegen.h */,
				0713C0481B2933B70081B830 /* movepick.cpp */,
				0713C0491B2933B70081B830 /* movepick.h */,
				0713C04A1B2933B70081B830 /* pawns.cpp */,
				0713C04B1B2933B70081B830 /* pawns.h */,
				0713C04C1B2933B70081B830 /* platform.h */,
				0713C04D1B2933B70081B830 /* position.cpp */,
				0713C04E1B2933B70081B830 /* position.h */,
				0713C04F1B2933B70081B830 /* psqtab.h */,
				0713C0501B2933B70081B830 /* search.cpp */,
				0713C0511B2933B70081B830 /* search.h */,
				0713C0521B2933B70081B830 /* syzygy */,
				0713C0571B2933B70081B830 /* thread.cpp */,
				0713C0581B2933B70081B830 /* thread.h */,
				0713C0591B2933B70081B830 /* timeman.cpp */,
				0713C05A1B2933B70081B830 /* timeman.h */,
				0713C05B1B2933B70081B830 /* tt.cpp */,
				0713C05C1B2933B70081B830 /* tt.h */,
				0713C05D1B2933B70081B830 /* types.h */,
				0713C05E1B2933B70081B830 /* uci.cpp */,
				0713C05F1B2933B70081B830 /* uci.h */,
				0713C0601B2933B70081B830 /* ucioption.cpp */,
			);
			path = stockfish;
			sourceTree = "<group>";
		};
		0713C0521B2933B70081B830 /* syzygy */ = {
			isa = PBXGroup;
			children = (
				0713C0531B2933B70081B830 /* tbcore.cpp */,
				0713C0541B2933B70081B830 /* tbcore.h */,
				0713C0551B2933B70081B830 /* tbprobe.cpp */,
				0713C0561B2933B70081B830 /* tbprobe.h */,
			);
			path = syzygy;
			sourceTree = "<group>";
		};
/* End PBXGroup section */

/* Begin PBXNativeTarget section */
		0713C0181B2931AA0081B830 /* StockfishInterfaceLibrary */ = {
			isa = PBXNativeTarget;
			buildConfigurationList = 0713C02D1B2931AA0081B830 /* Build configuration list for PBXNativeTarget "StockfishInterfaceLibrary" */;
			buildPhases = (
				0713C0151B2931AA0081B830 /* Sources */,
				0713C0161B2931AA0081B830 /* Frameworks */,
				0713C0171B2931AA0081B830 /* CopyFiles */,
			);
			buildRules = (
			);
			dependencies = (
			);
			name = StockfishInterfaceLibrary;
			productName = StockfishInterfaceLibrary;
			productReference = 0713C0191B2931AA0081B830 /* libStockfishInterfaceLibrary.a */;
			productType = "com.apple.product-type.library.static";
		};
		0713C0231B2931AA0081B830 /* StockfishInterfaceLibraryTests */ = {
			isa = PBXNativeTarget;
			buildConfigurationList = 0713C0301B2931AA0081B830 /* Build configuration list for PBXNativeTarget "StockfishInterfaceLibraryTests" */;
			buildPhases = (
				0713C0201B2931AA0081B830 /* Sources */,
				0713C0211B2931AA0081B830 /* Frameworks */,
				0713C0221B2931AA0081B830 /* Resources */,
			);
			buildRules = (
			);
			dependencies = (
				0713C0271B2931AA0081B830 /* PBXTargetDependency */,
			);
			name = StockfishInterfaceLibraryTests;
			productName = StockfishInterfaceLibraryTests;
			productReference = 0713C0241B2931AA0081B830 /* StockfishInterfaceLibraryTests.xctest */;
			productType = "com.apple.product-type.bundle.unit-test";
		};
/* End PBXNativeTarget section */

/* Begin PBXProject section */
		0713C0111B2931AA0081B830 /* Project object */ = {
			isa = PBXProject;
			attributes = {
				LastUpgradeCheck = 0630;
				ORGANIZATIONNAME = "AppPoetry LLC";
				TargetAttributes = {
					0713C0181B2931AA0081B830 = {
						CreatedOnToolsVersion = 6.3.2;
					};
					0713C0231B2931AA0081B830 = {
						CreatedOnToolsVersion = 6.3.2;
					};
				};
			};
			buildConfigurationList = 0713C0141B2931AA0081B830 /* Build configuration list for PBXProject "StockfishInterfaceLibrary" */;
			compatibilityVersion = "Xcode 3.2";
			developmentRegion = English;
			hasScannedForEncodings = 0;
			knownRegions = (
				en,
			);
			mainGroup = 0713C0101B2931AA0081B830;
			productRefGroup = 0713C01A1B2931AA0081B830 /* Products */;
			projectDirPath = "";
			projectRoot = "";
			targets = (
				0713C0181B2931AA0081B830 /* StockfishInterfaceLibrary */,
				0713C0231B2931AA0081B830 /* StockfishInterfaceLibraryTests */,
			);
		};
/* End PBXProject section */

/* Begin PBXResourcesBuildPhase section */
		0713C0221B2931AA0081B830 /* Resources */ = {
			isa = PBXResourcesBuildPhase;
			buildActionMask = 2147483647;
			files = (
			);
			runOnlyForDeploymentPostprocessing = 0;
		};
/* End PBXResourcesBuildPhase section */

/* Begin PBXSourcesBuildPhase section */
		0713C0151B2931AA0081B830 /* Sources */ = {
			isa = PBXSourcesBuildPhase;
			buildActionMask = 2147483647;
			files = (
				0713C0711B2933B70081B830 /* Makefile in Sources */,
				0713C0781B2933B70081B830 /* search.cpp in Sources */,
				0713C0831B2933B70081B830 /* stockfishremote.cpp in Sources */,
				0713C06B1B2933B70081B830 /* benchmark.cpp in Sources */,
				0713C06F1B2933B70081B830 /* evaluate.cpp in Sources */,
				0713C0731B2933B70081B830 /* misc.cpp in Sources */,
				0713C0791B2933B70081B830 /* tbcore.cpp in Sources */,
				0713C06A1B2933B70081B830 /* aptrie.cpp in Sources */,
				0713C07D1B2933B70081B830 /* tt.cpp in Sources */,
				0713C07F1B2933B70081B830 /* ucioption.cpp in Sources */,
				0713C0811B2933B70081B830 /* stockfishenginetoguistream.cpp in Sources */,
				0713C07C1B2933B70081B830 /* timeman.cpp in Sources */,
				0713C0761B2933B70081B830 /* pawns.cpp in Sources */,
				0713C0721B2933B70081B830 /* material.cpp in Sources */,
				0713C07E1B2933B70081B830 /* uci.cpp in Sources */,
				0713C06C1B2933B70081B830 /* bitbase.cpp in Sources */,
				0713C0821B2933B70081B830 /* stockfishguitoenginestream.cpp in Sources */,
				0713C06E1B2933B70081B830 /* endgame.cpp in Sources */,
				0713C0801B2933B70081B830 /* stockfishanalysisinfo.cpp in Sources */,
				0713C07A1B2933B70081B830 /* tbprobe.cpp in Sources */,
				0713C0741B2933B70081B830 /* movegen.cpp in Sources */,
				0713C0701B2933B70081B830 /* main.cpp in Sources */,
				0713C06D1B2933B70081B830 /* bitboard.cpp in Sources */,
				0713C07B1B2933B70081B830 /* thread.cpp in Sources */,
				0713C0751B2933B70081B830 /* movepick.cpp in Sources */,
				0713C0771B2933B70081B830 /* position.cpp in Sources */,
			);
			runOnlyForDeploymentPostprocessing = 0;
		};
		0713C0201B2931AA0081B830 /* Sources */ = {
			isa = PBXSourcesBuildPhase;
			buildActionMask = 2147483647;
			files = (
			);
			runOnlyForDeploymentPostprocessing = 0;
		};
/* End PBXSourcesBuildPhase section */

/* Begin PBXTargetDependency section */
		0713C0271B2931AA0081B830 /* PBXTargetDependency */ = {
			isa = PBXTargetDependency;
			target = 0713C0181B2931AA0081B830 /* StockfishInterfaceLibrary */;
			targetProxy = 0713C0261B2931AA0081B830 /* PBXContainerItemProxy */;
		};
/* End PBXTargetDependency section */

/* Begin XCBuildConfiguration section */
		0713C02B1B2931AA0081B830 /* Debug */ = {
			isa = XCBuildConfiguration;
			buildSettings = {
				ALWAYS_SEARCH_USER_PATHS = NO;
				CLANG_CXX_LANGUAGE_STANDARD = "gnu++0x";
				CLANG_CXX_LIBRARY = "libc++";
				CLANG_ENABLE_MODULES = YES;
				CLANG_ENABLE_OBJC_ARC = YES;
				CLANG_WARN_BOOL_CONVERSION = YES;
				CLANG_WARN_CONSTANT_CONVERSION = YES;
				CLANG_WARN_DIRECT_OBJC_ISA_USAGE = YES_ERROR;
				CLANG_WARN_EMPTY_BODY = YES;
				CLANG_WARN_ENUM_CONVERSION = YES;
				CLANG_WARN_INT_CONVERSION = YES;
				CLANG_WARN_OBJC_ROOT_CLASS = YES_ERROR;
				CLANG_WARN_UNREACHABLE_CODE = YES;
				CLANG_WARN__DUPLICATE_METHOD_MATCH = YES;
				COPY_PHASE_STRIP = NO;
				DEBUG_INFORMATION_FORMAT = "dwarf-with-dsym";
				ENABLE_STRICT_OBJC_MSGSEND = YES;
				GCC_C_LANGUAGE_STANDARD = gnu99;
				GCC_DYNAMIC_NO_PIC = NO;
				GCC_NO_COMMON_BLOCKS = YES;
				GCC_OPTIMIZATION_LEVEL = 0;
				GCC_PREPROCESSOR_DEFINITIONS = (
					"DEBUG=1",
					"$(inherited)",
				);
				GCC_SYMBOLS_PRIVATE_EXTERN = NO;
				GCC_WARN_64_TO_32_BIT_CONVERSION = YES;
				GCC_WARN_ABOUT_RETURN_TYPE = YES_ERROR;
				GCC_WARN_UNDECLARED_SELECTOR = YES;
				GCC_WARN_UNINITIALIZED_AUTOS = YES_AGGRESSIVE;
				GCC_WARN_UNUSED_FUNCTION = YES;
				GCC_WARN_UNUSED_VARIABLE = YES;
				IPHONEOS_DEPLOYMENT_TARGET = 8.3;
				MTL_ENABLE_DEBUG_INFO = YES;
				ONLY_ACTIVE_ARCH = YES;
				SDKROOT = iphoneos;
			};
			name = Debug;
		};
		0713C02C1B2931AA0081B830 /* Release */ = {
			isa = XCBuildConfiguration;
			buildSettings = {
				ALWAYS_SEARCH_USER_PATHS = NO;
				CLANG_CXX_LANGUAGE_STANDARD = "gnu++0x";
				CLANG_CXX_LIBRARY = "libc++";
				CLANG_ENABLE_MODULES = YES;
				CLANG_ENABLE_OBJC_ARC = YES;
				CLANG_WARN_BOOL_CONVERSION = YES;
				CLANG_WARN_CONSTANT_CONVERSION = YES;
				CLANG_WARN_DIRECT_OBJC_ISA_USAGE = YES_ERROR;
				CLANG_WARN_EMPTY_BODY = YES;
				CLANG_WARN_ENUM_CONVERSION = YES;
				CLANG_WARN_INT_CONVERSION = YES;
				CLANG_WARN_OBJC_ROOT_CLASS = YES_ERROR;
				CLANG_WARN_UNREACHABLE_CODE = YES;
				CLANG_WARN__DUPLICATE_METHOD_MATCH = YES;
				COPY_PHASE_STRIP = NO;
				DEBUG_INFORMATION_FORMAT = "dwarf-with-dsym";
				ENABLE_NS_ASSERTIONS = NO;
				ENABLE_STRICT_OBJC_MSGSEND = YES;
				GCC_C_LANGUAGE_STANDARD = gnu99;
				GCC_NO_COMMON_BLOCKS = YES;
				GCC_WARN_64_TO_32_BIT_CONVERSION = YES;
				GCC_WARN_ABOUT_RETURN_TYPE = YES_ERROR;
				GCC_WARN_UNDECLARED_SELECTOR = YES;
				GCC_WARN_UNINITIALIZED_AUTOS = YES_AGGRESSIVE;
				GCC_WARN_UNUSED_FUNCTION = YES;
				GCC_WARN_UNUSED_VARIABLE = YES;
				IPHONEOS_DEPLOYMENT_TARGET = 8.3;
				MTL_ENABLE_DEBUG_INFO = NO;
				SDKROOT = iphoneos;
				VALIDATE_PRODUCT = YES;
			};
			name = Release;
		};
		0713C02E1B2931AA0081B830 /* Debug */ = {
			isa = XCBuildConfiguration;
			buildSettings = {
				OTHER_LDFLAGS = "-ObjC";
				PRODUCT_NAME = "$(TARGET_NAME)";
				SKIP_INSTALL = YES;
			};
			name = Debug;
		};
		0713C02F1B2931AA0081B830 /* Release */ = {
			isa = XCBuildConfiguration;
			buildSettings = {
				OTHER_LDFLAGS = "-ObjC";
				PRODUCT_NAME = "$(TARGET_NAME)";
				SKIP_INSTALL = YES;
			};
			name = Release;
		};
		0713C0311B2931AA0081B830 /* Debug */ = {
			isa = XCBuildConfiguration;
			buildSettings = {
				"CODE_SIGN_IDENTITY[sdk=iphoneos*]" = "iPhone Developer";
				FRAMEWORK_SEARCH_PATHS = (
					"$(SDKROOT)/Developer/Library/Frameworks",
					"$(inherited)",
				);
				GCC_PREPROCESSOR_DEFINITIONS = (
					"DEBUG=1",
					"$(inherited)",
				);
				INFOPLIST_FILE = StockfishInterfaceLibraryTests/Info.plist;
				LD_RUNPATH_SEARCH_PATHS = "$(inherited) @executable_path/Frameworks @loader_path/Frameworks";
				PRODUCT_NAME = "$(TARGET_NAME)";
			};
			name = Debug;
		};
		0713C0321B2931AA0081B830 /* Release */ = {
			isa = XCBuildConfiguration;
			buildSettings = {
				"CODE_SIGN_IDENTITY[sdk=iphoneos*]" = "iPhone Developer";
				FRAMEWORK_SEARCH_PATHS = (
					"$(SDKROOT)/Developer/Library/Frameworks",
					"$(inherited)",
				);
				INFOPLIST_FILE = StockfishInterfaceLibraryTests/Info.plist;
				LD_RUNPATH_SEARCH_PATHS = "$(inherited) @executable_path/Frameworks @loader_path/Frameworks";
				PRODUCT_NAME = "$(TARGET_NAME)";
			};
			name = Release;
		};
/* End XCBuildConfiguration section */

/* Begin XCConfigurationList section */
		0713C0141B2931AA0081B830 /* Build configuration list for PBXProject "StockfishInterfaceLibrary" */ = {
			isa = XCConfigurationList;
			buildConfigurations = (
				0713C02B1B2931AA0081B830 /* Debug */,
				0713C02C1B2931AA0081B830 /* Release */,
			);
			defaultConfigurationIsVisible = 0;
			defaultConfigurationName = Release;
		};
		0713C02D1B2931AA0081B830 /* Build configuration list for PBXNativeTarget "StockfishInterfaceLibrary" */ = {
			isa = XCConfigurationList;
			buildConfigurations = (
				0713C02E1B2931AA0081B830 /* Debug */,
				0713C02F1B2931AA0081B830 /* Release */,
			);
			defaultConfigurationIsVisible = 0;
		};
		0713C0301B2931AA0081B830 /* Build configuration list for PBXNativeTarget "StockfishInterfaceLibraryTests" */ = {
			isa = XCConfigurationList;
			buildConfigurations = (
				0713C0311B2931AA0081B830 /* Debug */,
				0713C0321B2931AA0081B830 /* Release */,
			);
			defaultConfigurationIsVisible = 0;
		};
/* End XCConfigurationList section */
	};
	rootObject = 0713C0111B2931AA0081B830 /* Project object */;
}
